
Microsoft Visual Studio Solution File, Format Version 12.00
# Visual Studio Version 16
VisualStudioVersion = 16.0.29201.188
MinimumVisualStudioVersion = 10.0.40219.1
Project("{9A19103F-16F7-4668-BE54-9A1E7A4F7556}") = "Kalev.Framework.Cqrs.EventSourcing", "Kalev.Framework.Cqrs.EventSourcing.csproj", "{C434A4BA-EF2F-4A79-99DD-9221C489EB87}"
EndProject
Project("{9A19103F-16F7-4668-BE54-9A1E7A4F7556}") = "Kalev.Framework.DomainDriven.SeedWork", "..\kalev.Framework.DomainDriven.SeedWork\Kalev.Framework.DomainDriven.SeedWork.csproj", "{59A2A40A-F38E-4373-A6B2-DC6DFF76C756}"
EndProject
Global
	GlobalSection(SolutionConfigurationPlatforms) = preSolution
		Debug|Any CPU = Debug|Any CPU
		Release|Any CPU = Release|Any CPU
	EndGlobalSection
	GlobalSection(ProjectConfigurationPlatforms) = postSolution
		{C434A4BA-EF2F-4A79-99DD-9221C489EB87}.Debug|Any CPU.ActiveCfg = Debug|Any CPU
		{C434A4BA-EF2F-4A79-99DD-9221C489EB87}.Debug|Any CPU.Build.0 = Debug|Any CPU
		{C434A4BA-EF2F-4A79-99DD-9221C489EB87}.Release|Any CPU.ActiveCfg = Release|Any CPU
		{C434A4BA-EF2F-4A79-99DD-9221C489EB87}.Release|Any CPU.Build.0 = Release|Any CPU
		{59A2A40A-F38E-4373-A6B2-DC6DFF76C756}.Debug|Any CPU.ActiveCfg = Debug|Any CPU
		{59A2A40A-F38E-4373-A6B2-DC6DFF76C756}.Debug|Any CPU.Build.0 = Debug|Any CPU
		{59A2A40A-F38E-4373-A6B2-DC6DFF76C756}.Release|Any CPU.ActiveCfg = Release|Any CPU
		{59A2A40A-F38E-4373-A6B2-DC6DFF76C756}.Release|Any CPU.Build.0 = Release|Any CPU
	EndGlobalSection
	GlobalSection(SolutionProperties) = preSolution
		HideSolutionNode = FALSE
	EndGlobalSection
	GlobalSection(ExtensibilityGlobals) = postSolution
		SolutionGuid = {5ADBDBA0-4CD3-4362-926A-719E3257011A}
	EndGlobalSection
EndGlobal
